
Microsoft Visual Studio Solution File, Format Version 12.00
# Visual Studio Version 17
VisualStudioVersion = 17.14.36603.0 d17.14
MinimumVisualStudioVersion = 10.0.40219.1
Project("{8BC9CEB8-8B4A-11D0-8D11-00A0C91BC942}") = "ex25", "ex25\ex25.vcxproj", "{185E22BE-E6B0-4CAA-A510-63822F0C4835}"
EndProject
Global
	GlobalSection(SolutionConfigurationPlatforms) = preSolution
		Debug|x64 = Debug|x64
		Debug|x86 = Debug|x86
		Release|x64 = Release|x64
		Release|x86 = Release|x86
	EndGlobalSection
	GlobalSection(ProjectConfigurationPlatforms) = postSolution
		{185E22BE-E6B0-4CAA-A510-63822F0C4835}.Debug|x64.ActiveCfg = Debug|x64
		{185E22BE-E6B0-4CAA-A510-63822F0C4835}.Debug|x64.Build.0 = Debug|x64
		{185E22BE-E6B0-4CAA-A510-63822F0C4835}.Debug|x86.ActiveCfg = Debug|Win32
		{185E22BE-E6B0-4CAA-A510-63822F0C4835}.Debug|x86.Build.0 = Debug|Win32
		{185E22BE-E6B0-4CAA-A510-63822F0C4835}.Release|x64.ActiveCfg = Release|x64
		{185E22BE-E6B0-4CAA-A510-63822F0C4835}.Release|x64.Build.0 = Release|x64
		{185E22BE-E6B0-4CAA-A510-63822F0C4835}.Release|x86.ActiveCfg = Release|Win32
		{185E22BE-E6B0-4CAA-A510-63822F0C4835}.Release|x86.Build.0 = Release|Win32
	EndGlobalSection
	GlobalSection(SolutionProperties) = preSolution
		HideSolutionNode = FALSE
	EndGlobalSection
	GlobalSection(ExtensibilityGlobals) = postSolution
		SolutionGuid = {E37530F9-891C-4917-8F53-34F4701A1140}
	EndGlobalSection
EndGlobal
